// !$*UTF8*$!
{
	archiveVersion = 1;
	classes = {
	};
	objectVersion = 60;
	objects = {

/* Begin PBXBuildFile section */
		BFD945E8244DC5EB0012785A /* Assets.xcassets in Resources */ = {isa = PBXBuildFile; fileRef = BFD945E7244DC5EB0012785A /* Assets.xcassets */; };
		BFD945F6244DC5EB0012785A /* iOSEngineerCodeCheckTests.swift in Sources */ = {isa = PBXBuildFile; fileRef = BFD945F5244DC5EB0012785A /* iOSEngineerCodeCheckTests.swift */; };
		BFD94601244DC5EC0012785A /* iOSEngineerCodeCheckUITests.swift in Sources */ = {isa = PBXBuildFile; fileRef = BFD94600244DC5EC0012785A /* iOSEngineerCodeCheckUITests.swift */; };
		C61A4EEF2CE0D467004F3E27 /* StubRepositoryManager.swift in Sources */ = {isa = PBXBuildFile; fileRef = C61A4EEE2CE0D466004F3E27 /* StubRepositoryManager.swift */; };
		C61A4EF12CE0D481004F3E27 /* StubImageService.swift in Sources */ = {isa = PBXBuildFile; fileRef = C61A4EF02CE0D481004F3E27 /* StubImageService.swift */; };
		C61A4EF32CE0D490004F3E27 /* StubSearchService.swift in Sources */ = {isa = PBXBuildFile; fileRef = C61A4EF22CE0D490004F3E27 /* StubSearchService.swift */; };
		C61A4EF52CE0D4A4004F3E27 /* Repository+Stub.swift in Sources */ = {isa = PBXBuildFile; fileRef = C61A4EF42CE0D4A4004F3E27 /* Repository+Stub.swift */; };
		C61A4EF72CE1993B004F3E27 /* AppErrorTests.swift in Sources */ = {isa = PBXBuildFile; fileRef = C61A4EF62CE1993A004F3E27 /* AppErrorTests.swift */; };
		C61A4EF92CE19951004F3E27 /* NetworkErrorTests.swift in Sources */ = {isa = PBXBuildFile; fileRef = C61A4EF82CE1994F004F3E27 /* NetworkErrorTests.swift */; };
		C64030B72CE0CFCE0026BE3D /* RepositoryFetchable.swift in Sources */ = {isa = PBXBuildFile; fileRef = C6835D362CE06A7900CCF57C /* RepositoryFetchable.swift */; };
		C64030B82CE0CFCE0026BE3D /* NetworkError.swift in Sources */ = {isa = PBXBuildFile; fileRef = C65049832CE0B52000507163 /* NetworkError.swift */; };
		C64030B92CE0CFCE0026BE3D /* Repository.swift in Sources */ = {isa = PBXBuildFile; fileRef = C6E53FC32CDF5E49001E078A /* Repository.swift */; };
		C64030BA2CE0CFCE0026BE3D /* RepositoryError.swift in Sources */ = {isa = PBXBuildFile; fileRef = C65049792CE0AFFC00507163 /* RepositoryError.swift */; };
		C64030BB2CE0CFCE0026BE3D /* ImageLoader.swift in Sources */ = {isa = PBXBuildFile; fileRef = C6835D302CE0662800CCF57C /* ImageLoader.swift */; };
		C64030BC2CE0CFCE0026BE3D /* SearchBar.swift in Sources */ = {isa = PBXBuildFile; fileRef = C65049862CE0B74200507163 /* SearchBar.swift */; };
		C64030BD2CE0CFCE0026BE3D /* ImageService.swift in Sources */ = {isa = PBXBuildFile; fileRef = C6835D202CE03FF200CCF57C /* ImageService.swift */; };
		C64030BE2CE0CFCE0026BE3D /* (null) in Sources */ = {isa = PBXBuildFile; };
		C64030BF2CE0CFCE0026BE3D /* DIContainer.swift in Sources */ = {isa = PBXBuildFile; fileRef = C650497C2CE0B29C00507163 /* DIContainer.swift */; };
		C64030C02CE0CFCE0026BE3D /* DetailView.swift in Sources */ = {isa = PBXBuildFile; fileRef = C6835D2C2CE065E200CCF57C /* DetailView.swift */; };
		C64030C12CE0CFCE0026BE3D /* RepositoriesResponse.swift in Sources */ = {isa = PBXBuildFile; fileRef = C65049732CE0A6C500507163 /* RepositoriesResponse.swift */; };
		C64030C22CE0CFCE0026BE3D /* RepositoryListViewModel.swift in Sources */ = {isa = PBXBuildFile; fileRef = C6835D2E2CE0660500CCF57C /* RepositoryListViewModel.swift */; };
		C64030C32CE0CFCE0026BE3D /* AppError.swift in Sources */ = {isa = PBXBuildFile; fileRef = C65049812CE0B51A00507163 /* AppError.swift */; };
		C64030C42CE0CFCE0026BE3D /* RepositoryRow.swift in Sources */ = {isa = PBXBuildFile; fileRef = C6835D2A2CE0659E00CCF57C /* RepositoryRow.swift */; };
		C64030C52CE0CFCE0026BE3D /* KeyboardAvoider.swift in Sources */ = {isa = PBXBuildFile; fileRef = C65049892CE0B75A00507163 /* KeyboardAvoider.swift */; };
		C64030C62CE0CFCE0026BE3D /* ServiceLocator.swift in Sources */ = {isa = PBXBuildFile; fileRef = C650497E2CE0B2AD00507163 /* ServiceLocator.swift */; };
		C64030C72CE0CFCE0026BE3D /* RepositoryManager.swift in Sources */ = {isa = PBXBuildFile; fileRef = C6835D262CE0508900CCF57C /* RepositoryManager.swift */; };
		C64030C82CE0CFCE0026BE3D /* SearchService.swift in Sources */ = {isa = PBXBuildFile; fileRef = C6835D1C2CE03EE000CCF57C /* SearchService.swift */; };
		C64030C92CE0CFCE0026BE3D /* ContentView.swift in Sources */ = {isa = PBXBuildFile; fileRef = C6835D282CE0650400CCF57C /* ContentView.swift */; };
		C64030CA2CE0CFCE0026BE3D /* AppError.swift in Sources */ = {isa = PBXBuildFile; fileRef = C65049812CE0B51A00507163 /* AppError.swift */; };
		C64030CB2CE0CFCE0026BE3D /* DIContainer.swift in Sources */ = {isa = PBXBuildFile; fileRef = C650497C2CE0B29C00507163 /* DIContainer.swift */; };
		C64030CC2CE0CFCE0026BE3D /* (null) in Sources */ = {isa = PBXBuildFile; };
		C64030CD2CE0CFCE0026BE3D /* ImageLoader.swift in Sources */ = {isa = PBXBuildFile; fileRef = C6835D302CE0662800CCF57C /* ImageLoader.swift */; };
		C64030CE2CE0CFCE0026BE3D /* RepositoryManager.swift in Sources */ = {isa = PBXBuildFile; fileRef = C6835D262CE0508900CCF57C /* RepositoryManager.swift */; };
		C64030CF2CE0CFCE0026BE3D /* RepositoryFetchable.swift in Sources */ = {isa = PBXBuildFile; fileRef = C6835D362CE06A7900CCF57C /* RepositoryFetchable.swift */; };
		C64030D02CE0CFCE0026BE3D /* ContentView.swift in Sources */ = {isa = PBXBuildFile; fileRef = C6835D282CE0650400CCF57C /* ContentView.swift */; };
		C64030D12CE0CFCE0026BE3D /* KeyboardAvoider.swift in Sources */ = {isa = PBXBuildFile; fileRef = C65049892CE0B75A00507163 /* KeyboardAvoider.swift */; };
		C64030D22CE0CFCE0026BE3D /* DetailView.swift in Sources */ = {isa = PBXBuildFile; fileRef = C6835D2C2CE065E200CCF57C /* DetailView.swift */; };
		C64030D32CE0CFCE0026BE3D /* RepositoryError.swift in Sources */ = {isa = PBXBuildFile; fileRef = C65049792CE0AFFC00507163 /* RepositoryError.swift */; };
		C64030D42CE0CFCE0026BE3D /* RepositoryRow.swift in Sources */ = {isa = PBXBuildFile; fileRef = C6835D2A2CE0659E00CCF57C /* RepositoryRow.swift */; };
		C64030D52CE0CFCE0026BE3D /* RepositoryListViewModel.swift in Sources */ = {isa = PBXBuildFile; fileRef = C6835D2E2CE0660500CCF57C /* RepositoryListViewModel.swift */; };
		C64030D62CE0CFCE0026BE3D /* SearchService.swift in Sources */ = {isa = PBXBuildFile; fileRef = C6835D1C2CE03EE000CCF57C /* SearchService.swift */; };
		C64030D72CE0CFCE0026BE3D /* RepositoriesResponse.swift in Sources */ = {isa = PBXBuildFile; fileRef = C65049732CE0A6C500507163 /* RepositoriesResponse.swift */; };
		C64030D82CE0CFCE0026BE3D /* ImageService.swift in Sources */ = {isa = PBXBuildFile; fileRef = C6835D202CE03FF200CCF57C /* ImageService.swift */; };
		C64030D92CE0CFCE0026BE3D /* ServiceLocator.swift in Sources */ = {isa = PBXBuildFile; fileRef = C650497E2CE0B2AD00507163 /* ServiceLocator.swift */; };
		C64030DA2CE0CFCE0026BE3D /* Repository.swift in Sources */ = {isa = PBXBuildFile; fileRef = C6E53FC32CDF5E49001E078A /* Repository.swift */; };
		C64030DB2CE0CFCE0026BE3D /* SearchBar.swift in Sources */ = {isa = PBXBuildFile; fileRef = C65049862CE0B74200507163 /* SearchBar.swift */; };
		C64030DC2CE0CFCE0026BE3D /* NetworkError.swift in Sources */ = {isa = PBXBuildFile; fileRef = C65049832CE0B52000507163 /* NetworkError.swift */; };
		C64030DE2CE0D1670026BE3D /* RepositoryListViewModelTests.swift in Sources */ = {isa = PBXBuildFile; fileRef = C64030DD2CE0D1660026BE3D /* RepositoryListViewModelTests.swift */; };
		C64030E02CE0D1860026BE3D /* ImageLoaderTests.swift in Sources */ = {isa = PBXBuildFile; fileRef = C64030DF2CE0D1860026BE3D /* ImageLoaderTests.swift */; };
		C64030E22CE0D19D0026BE3D /* RepositoryManagerTests.swift in Sources */ = {isa = PBXBuildFile; fileRef = C64030E12CE0D19D0026BE3D /* RepositoryManagerTests.swift */; };
		C64030E42CE0D1B20026BE3D /* SearchServiceTests.swift in Sources */ = {isa = PBXBuildFile; fileRef = C64030E32CE0D1B20026BE3D /* SearchServiceTests.swift */; };
		C65049742CE0A6C700507163 /* RepositoriesResponse.swift in Sources */ = {isa = PBXBuildFile; fileRef = C65049732CE0A6C500507163 /* RepositoriesResponse.swift */; };
		C650497A2CE0AFFC00507163 /* RepositoryError.swift in Sources */ = {isa = PBXBuildFile; fileRef = C65049792CE0AFFC00507163 /* RepositoryError.swift */; };
		C650497D2CE0B29C00507163 /* DIContainer.swift in Sources */ = {isa = PBXBuildFile; fileRef = C650497C2CE0B29C00507163 /* DIContainer.swift */; };
		C650497F2CE0B2AD00507163 /* ServiceLocator.swift in Sources */ = {isa = PBXBuildFile; fileRef = C650497E2CE0B2AD00507163 /* ServiceLocator.swift */; };
		C65049822CE0B51A00507163 /* AppError.swift in Sources */ = {isa = PBXBuildFile; fileRef = C65049812CE0B51A00507163 /* AppError.swift */; };
		C65049842CE0B52000507163 /* NetworkError.swift in Sources */ = {isa = PBXBuildFile; fileRef = C65049832CE0B52000507163 /* NetworkError.swift */; };
		C65049872CE0B74400507163 /* SearchBar.swift in Sources */ = {isa = PBXBuildFile; fileRef = C65049862CE0B74200507163 /* SearchBar.swift */; };
		C650498A2CE0B76500507163 /* KeyboardAvoider.swift in Sources */ = {isa = PBXBuildFile; fileRef = C65049892CE0B75A00507163 /* KeyboardAvoider.swift */; };
		C6775E152CE1C6FC00252D97 /* AppDelegate.swift in Sources */ = {isa = PBXBuildFile; fileRef = C6775E142CE1C6FB00252D97 /* AppDelegate.swift */; };
		C6775E192CE1C78600252D97 /* SceneDelegate.swift in Sources */ = {isa = PBXBuildFile; fileRef = C6775E182CE1C78500252D97 /* SceneDelegate.swift */; };
		C6835D1D2CE03EE000CCF57C /* SearchService.swift in Sources */ = {isa = PBXBuildFile; fileRef = C6835D1C2CE03EE000CCF57C /* SearchService.swift */; };
		C6835D212CE03FF200CCF57C /* ImageService.swift in Sources */ = {isa = PBXBuildFile; fileRef = C6835D202CE03FF200CCF57C /* ImageService.swift */; };
		C6835D272CE0508900CCF57C /* RepositoryManager.swift in Sources */ = {isa = PBXBuildFile; fileRef = C6835D262CE0508900CCF57C /* RepositoryManager.swift */; };
		C6835D292CE0650400CCF57C /* ContentView.swift in Sources */ = {isa = PBXBuildFile; fileRef = C6835D282CE0650400CCF57C /* ContentView.swift */; };
		C6835D2B2CE0659E00CCF57C /* RepositoryRow.swift in Sources */ = {isa = PBXBuildFile; fileRef = C6835D2A2CE0659E00CCF57C /* RepositoryRow.swift */; };
		C6835D2D2CE065E200CCF57C /* DetailView.swift in Sources */ = {isa = PBXBuildFile; fileRef = C6835D2C2CE065E200CCF57C /* DetailView.swift */; };
		C6835D2F2CE0660500CCF57C /* RepositoryListViewModel.swift in Sources */ = {isa = PBXBuildFile; fileRef = C6835D2E2CE0660500CCF57C /* RepositoryListViewModel.swift */; };
		C6835D312CE0662800CCF57C /* ImageLoader.swift in Sources */ = {isa = PBXBuildFile; fileRef = C6835D302CE0662800CCF57C /* ImageLoader.swift */; };
		C6835D372CE06A7900CCF57C /* RepositoryFetchable.swift in Sources */ = {isa = PBXBuildFile; fileRef = C6835D362CE06A7900CCF57C /* RepositoryFetchable.swift */; };
		C68FDD0C2CE1F41A00168F8C /* Repository+Stub.swift in Sources */ = {isa = PBXBuildFile; fileRef = C68FDD082CE1F41A00168F8C /* Repository+Stub.swift */; };
		C68FDD0D2CE1F41A00168F8C /* StubImageService.swift in Sources */ = {isa = PBXBuildFile; fileRef = C68FDD092CE1F41A00168F8C /* StubImageService.swift */; };
		C68FDD0E2CE1F41A00168F8C /* StubRepositoryManager.swift in Sources */ = {isa = PBXBuildFile; fileRef = C68FDD0A2CE1F41A00168F8C /* StubRepositoryManager.swift */; };
		C68FDD0F2CE1F41A00168F8C /* StubSearchService.swift in Sources */ = {isa = PBXBuildFile; fileRef = C68FDD0B2CE1F41A00168F8C /* StubSearchService.swift */; };
		C6E53FC42CDF5E49001E078A /* Repository.swift in Sources */ = {isa = PBXBuildFile; fileRef = C6E53FC32CDF5E49001E078A /* Repository.swift */; };
/* End PBXBuildFile section */

/* Begin PBXContainerItemProxy section */
		BFD945F2244DC5EB0012785A /* PBXContainerItemProxy */ = {
			isa = PBXContainerItemProxy;
			containerPortal = BFD945D3244DC5E80012785A /* Project object */;
			proxyType = 1;
			remoteGlobalIDString = BFD945DA244DC5E80012785A;
			remoteInfo = iOSEngineerCodeCheck;
		};
		BFD945FD244DC5EB0012785A /* PBXContainerItemProxy */ = {
			isa = PBXContainerItemProxy;
			containerPortal = BFD945D3244DC5E80012785A /* Project object */;
			proxyType = 1;
			remoteGlobalIDString = BFD945DA244DC5E80012785A;
			remoteInfo = iOSEngineerCodeCheck;
		};
/* End PBXContainerItemProxy section */

/* Begin PBXFileReference section */
		BFD945DB244DC5E80012785A /* iOSEngineerCodeCheck.app */ = {isa = PBXFileReference; explicitFileType = wrapper.application; includeInIndex = 0; path = iOSEngineerCodeCheck.app; sourceTree = BUILT_PRODUCTS_DIR; };
		BFD945E7244DC5EB0012785A /* Assets.xcassets */ = {isa = PBXFileReference; lastKnownFileType = folder.assetcatalog; path = Assets.xcassets; sourceTree = "<group>"; };
		BFD945EC244DC5EB0012785A /* Info.plist */ = {isa = PBXFileReference; lastKnownFileType = text.plist.xml; path = Info.plist; sourceTree = "<group>"; };
		BFD945F1244DC5EB0012785A /* iOSEngineerCodeCheckTests.xctest */ = {isa = PBXFileReference; explicitFileType = wrapper.cfbundle; includeInIndex = 0; path = iOSEngineerCodeCheckTests.xctest; sourceTree = BUILT_PRODUCTS_DIR; };
		BFD945F5244DC5EB0012785A /* iOSEngineerCodeCheckTests.swift */ = {isa = PBXFileReference; lastKnownFileType = sourcecode.swift; path = iOSEngineerCodeCheckTests.swift; sourceTree = "<group>"; };
		BFD945F7244DC5EB0012785A /* Info.plist */ = {isa = PBXFileReference; lastKnownFileType = text.plist.xml; path = Info.plist; sourceTree = "<group>"; };
		BFD945FC244DC5EB0012785A /* iOSEngineerCodeCheckUITests.xctest */ = {isa = PBXFileReference; explicitFileType = wrapper.cfbundle; includeInIndex = 0; path = iOSEngineerCodeCheckUITests.xctest; sourceTree = BUILT_PRODUCTS_DIR; };
		BFD94600244DC5EC0012785A /* iOSEngineerCodeCheckUITests.swift */ = {isa = PBXFileReference; lastKnownFileType = sourcecode.swift; path = iOSEngineerCodeCheckUITests.swift; sourceTree = "<group>"; };
		BFD94602244DC5EC0012785A /* Info.plist */ = {isa = PBXFileReference; lastKnownFileType = text.plist.xml; path = Info.plist; sourceTree = "<group>"; };
		C61A4EEE2CE0D466004F3E27 /* StubRepositoryManager.swift */ = {isa = PBXFileReference; lastKnownFileType = sourcecode.swift; path = StubRepositoryManager.swift; sourceTree = "<group>"; };
		C61A4EF02CE0D481004F3E27 /* StubImageService.swift */ = {isa = PBXFileReference; lastKnownFileType = sourcecode.swift; path = StubImageService.swift; sourceTree = "<group>"; };
		C61A4EF22CE0D490004F3E27 /* StubSearchService.swift */ = {isa = PBXFileReference; lastKnownFileType = sourcecode.swift; path = StubSearchService.swift; sourceTree = "<group>"; };
		C61A4EF42CE0D4A4004F3E27 /* Repository+Stub.swift */ = {isa = PBXFileReference; lastKnownFileType = sourcecode.swift; path = "Repository+Stub.swift"; sourceTree = "<group>"; };
		C61A4EF62CE1993A004F3E27 /* AppErrorTests.swift */ = {isa = PBXFileReference; lastKnownFileType = sourcecode.swift; path = AppErrorTests.swift; sourceTree = "<group>"; };
		C61A4EF82CE1994F004F3E27 /* NetworkErrorTests.swift */ = {isa = PBXFileReference; lastKnownFileType = sourcecode.swift; path = NetworkErrorTests.swift; sourceTree = "<group>"; };
		C64030DD2CE0D1660026BE3D /* RepositoryListViewModelTests.swift */ = {isa = PBXFileReference; lastKnownFileType = sourcecode.swift; path = RepositoryListViewModelTests.swift; sourceTree = "<group>"; };
		C64030DF2CE0D1860026BE3D /* ImageLoaderTests.swift */ = {isa = PBXFileReference; lastKnownFileType = sourcecode.swift; path = ImageLoaderTests.swift; sourceTree = "<group>"; };
		C64030E12CE0D19D0026BE3D /* RepositoryManagerTests.swift */ = {isa = PBXFileReference; lastKnownFileType = sourcecode.swift; path = RepositoryManagerTests.swift; sourceTree = "<group>"; };
		C64030E32CE0D1B20026BE3D /* SearchServiceTests.swift */ = {isa = PBXFileReference; lastKnownFileType = sourcecode.swift; path = SearchServiceTests.swift; sourceTree = "<group>"; };
		C65049732CE0A6C500507163 /* RepositoriesResponse.swift */ = {isa = PBXFileReference; lastKnownFileType = sourcecode.swift; path = RepositoriesResponse.swift; sourceTree = "<group>"; };
		C65049792CE0AFFC00507163 /* RepositoryError.swift */ = {isa = PBXFileReference; lastKnownFileType = sourcecode.swift; path = RepositoryError.swift; sourceTree = "<group>"; };
		C650497C2CE0B29C00507163 /* DIContainer.swift */ = {isa = PBXFileReference; lastKnownFileType = sourcecode.swift; path = DIContainer.swift; sourceTree = "<group>"; };
		C650497E2CE0B2AD00507163 /* ServiceLocator.swift */ = {isa = PBXFileReference; lastKnownFileType = sourcecode.swift; path = ServiceLocator.swift; sourceTree = "<group>"; };
		C65049812CE0B51A00507163 /* AppError.swift */ = {isa = PBXFileReference; lastKnownFileType = sourcecode.swift; path = AppError.swift; sourceTree = "<group>"; };
		C65049832CE0B52000507163 /* NetworkError.swift */ = {isa = PBXFileReference; lastKnownFileType = sourcecode.swift; path = NetworkError.swift; sourceTree = "<group>"; };
		C65049862CE0B74200507163 /* SearchBar.swift */ = {isa = PBXFileReference; lastKnownFileType = sourcecode.swift; path = SearchBar.swift; sourceTree = "<group>"; };
		C65049892CE0B75A00507163 /* KeyboardAvoider.swift */ = {isa = PBXFileReference; lastKnownFileType = sourcecode.swift; path = KeyboardAvoider.swift; sourceTree = "<group>"; };
		C6775E142CE1C6FB00252D97 /* AppDelegate.swift */ = {isa = PBXFileReference; lastKnownFileType = sourcecode.swift; path = AppDelegate.swift; sourceTree = "<group>"; };
		C6775E182CE1C78500252D97 /* SceneDelegate.swift */ = {isa = PBXFileReference; lastKnownFileType = sourcecode.swift; path = SceneDelegate.swift; sourceTree = "<group>"; };
		C6835D1C2CE03EE000CCF57C /* SearchService.swift */ = {isa = PBXFileReference; lastKnownFileType = sourcecode.swift; path = SearchService.swift; sourceTree = "<group>"; };
		C6835D202CE03FF200CCF57C /* ImageService.swift */ = {isa = PBXFileReference; lastKnownFileType = sourcecode.swift; path = ImageService.swift; sourceTree = "<group>"; };
		C6835D262CE0508900CCF57C /* RepositoryManager.swift */ = {isa = PBXFileReference; lastKnownFileType = sourcecode.swift; path = RepositoryManager.swift; sourceTree = "<group>"; };
		C6835D282CE0650400CCF57C /* ContentView.swift */ = {isa = PBXFileReference; lastKnownFileType = sourcecode.swift; path = ContentView.swift; sourceTree = "<group>"; };
		C6835D2A2CE0659E00CCF57C /* RepositoryRow.swift */ = {isa = PBXFileReference; lastKnownFileType = sourcecode.swift; path = RepositoryRow.swift; sourceTree = "<group>"; };
		C6835D2C2CE065E200CCF57C /* DetailView.swift */ = {isa = PBXFileReference; lastKnownFileType = sourcecode.swift; path = DetailView.swift; sourceTree = "<group>"; };
		C6835D2E2CE0660500CCF57C /* RepositoryListViewModel.swift */ = {isa = PBXFileReference; lastKnownFileType = sourcecode.swift; path = RepositoryListViewModel.swift; sourceTree = "<group>"; };
		C6835D302CE0662800CCF57C /* ImageLoader.swift */ = {isa = PBXFileReference; lastKnownFileType = sourcecode.swift; path = ImageLoader.swift; sourceTree = "<group>"; };
		C6835D362CE06A7900CCF57C /* RepositoryFetchable.swift */ = {isa = PBXFileReference; lastKnownFileType = sourcecode.swift; path = RepositoryFetchable.swift; sourceTree = "<group>"; };
		C68FDD082CE1F41A00168F8C /* Repository+Stub.swift */ = {isa = PBXFileReference; lastKnownFileType = sourcecode.swift; name = "Repository+Stub.swift"; path = "iOSEngineerCodeCheckTests/Stub/Repository+Stub.swift"; sourceTree = SOURCE_ROOT; };
		C68FDD092CE1F41A00168F8C /* StubImageService.swift */ = {isa = PBXFileReference; lastKnownFileType = sourcecode.swift; name = StubImageService.swift; path = iOSEngineerCodeCheckTests/Stub/StubImageService.swift; sourceTree = SOURCE_ROOT; };
		C68FDD0A2CE1F41A00168F8C /* StubRepositoryManager.swift */ = {isa = PBXFileReference; lastKnownFileType = sourcecode.swift; name = StubRepositoryManager.swift; path = iOSEngineerCodeCheckTests/Stub/StubRepositoryManager.swift; sourceTree = SOURCE_ROOT; };
		C68FDD0B2CE1F41A00168F8C /* StubSearchService.swift */ = {isa = PBXFileReference; lastKnownFileType = sourcecode.swift; name = StubSearchService.swift; path = iOSEngineerCodeCheckTests/Stub/StubSearchService.swift; sourceTree = SOURCE_ROOT; };
		C6E53FC32CDF5E49001E078A /* Repository.swift */ = {isa = PBXFileReference; lastKnownFileType = sourcecode.swift; path = Repository.swift; sourceTree = "<group>"; };
/* End PBXFileReference section */

/* Begin PBXFrameworksBuildPhase section */
		BFD945D8244DC5E80012785A /* Frameworks */ = {
			isa = PBXFrameworksBuildPhase;
			buildActionMask = 2147483647;
			files = (
			);
			runOnlyForDeploymentPostprocessing = 0;
		};
		BFD945EE244DC5EB0012785A /* Frameworks */ = {
			isa = PBXFrameworksBuildPhase;
			buildActionMask = 2147483647;
			files = (
			);
			runOnlyForDeploymentPostprocessing = 0;
		};
		BFD945F9244DC5EB0012785A /* Frameworks */ = {
			isa = PBXFrameworksBuildPhase;
			buildActionMask = 2147483647;
			files = (
			);
			runOnlyForDeploymentPostprocessing = 0;
		};
/* End PBXFrameworksBuildPhase section */

/* Begin PBXGroup section */
		BFD945D2244DC5E80012785A = {
			isa = PBXGroup;
			children = (
				BFD945DD244DC5E80012785A /* iOSEngineerCodeCheck */,
				BFD945F4244DC5EB0012785A /* iOSEngineerCodeCheckTests */,
				BFD945FF244DC5EB0012785A /* iOSEngineerCodeCheckUITests */,
				BFD945DC244DC5E80012785A /* Products */,
			);
			sourceTree = "<group>";
		};
		BFD945DC244DC5E80012785A /* Products */ = {
			isa = PBXGroup;
			children = (
				BFD945DB244DC5E80012785A /* iOSEngineerCodeCheck.app */,
				BFD945F1244DC5EB0012785A /* iOSEngineerCodeCheckTests.xctest */,
				BFD945FC244DC5EB0012785A /* iOSEngineerCodeCheckUITests.xctest */,
			);
			name = Products;
			sourceTree = "<group>";
		};
		BFD945DD244DC5E80012785A /* iOSEngineerCodeCheck */ = {
			isa = PBXGroup;
			children = (
				C650498B2CE0B84200507163 /* App */,
				C65049852CE0B71B00507163 /* View */,
				C65049762CE0AFA200507163 /* Domain */,
				C65049702CE0A65F00507163 /* Data */,
				C650497B2CE0B28E00507163 /* DependencyInjection */,
				C65049802CE0B50F00507163 /* Error */,
				BFD945E7244DC5EB0012785A /* Assets.xcassets */,
				BFD945EC244DC5EB0012785A /* Info.plist */,
			);
			path = iOSEngineerCodeCheck;
			sourceTree = "<group>";
		};
		BFD945F4244DC5EB0012785A /* iOSEngineerCodeCheckTests */ = {
			isa = PBXGroup;
			children = (
				C64030EC2CE0D3D10026BE3D /* Stub */,
				BFD945F5244DC5EB0012785A /* iOSEngineerCodeCheckTests.swift */,
				C64030DD2CE0D1660026BE3D /* RepositoryListViewModelTests.swift */,
				C64030DF2CE0D1860026BE3D /* ImageLoaderTests.swift */,
				C64030E12CE0D19D0026BE3D /* RepositoryManagerTests.swift */,
				C64030E32CE0D1B20026BE3D /* SearchServiceTests.swift */,
				C61A4EF62CE1993A004F3E27 /* AppErrorTests.swift */,
				C61A4EF82CE1994F004F3E27 /* NetworkErrorTests.swift */,
				BFD945F7244DC5EB0012785A /* Info.plist */,
			);
			path = iOSEngineerCodeCheckTests;
			sourceTree = "<group>";
		};
		BFD945FF244DC5EB0012785A /* iOSEngineerCodeCheckUITests */ = {
			isa = PBXGroup;
			children = (
				C65F476D2CE1F1E8007F8AD9 /* Stub */,
				BFD94600244DC5EC0012785A /* iOSEngineerCodeCheckUITests.swift */,
				BFD94602244DC5EC0012785A /* Info.plist */,
			);
			path = iOSEngineerCodeCheckUITests;
			sourceTree = "<group>";
		};
		C64030EC2CE0D3D10026BE3D /* Stub */ = {
			isa = PBXGroup;
			children = (
				C61A4EEE2CE0D466004F3E27 /* StubRepositoryManager.swift */,
				C61A4EF02CE0D481004F3E27 /* StubImageService.swift */,
				C61A4EF22CE0D490004F3E27 /* StubSearchService.swift */,
				C61A4EF42CE0D4A4004F3E27 /* Repository+Stub.swift */,
			);
			path = Stub;
			sourceTree = "<group>";
		};
		C65049702CE0A65F00507163 /* Data */ = {
			isa = PBXGroup;
			children = (
				C65049712CE0A66700507163 /* Model */,
				C650498E2CE0BD3100507163 /* Service */,
				C65049722CE0A66D00507163 /* Repository */,
			);
			path = Data;
			sourceTree = "<group>";
		};
		C65049712CE0A66700507163 /* Model */ = {
			isa = PBXGroup;
			children = (
				C6E53FC32CDF5E49001E078A /* Repository.swift */,
				C65049732CE0A6C500507163 /* RepositoriesResponse.swift */,
			);
			path = Model;
			sourceTree = "<group>";
		};
		C65049722CE0A66D00507163 /* Repository */ = {
			isa = PBXGroup;
			children = (
				C6835D262CE0508900CCF57C /* RepositoryManager.swift */,
				C6835D1C2CE03EE000CCF57C /* SearchService.swift */,
			);
			path = Repository;
			sourceTree = "<group>";
		};
		C65049762CE0AFA200507163 /* Domain */ = {
			isa = PBXGroup;
			children = (
				C650498F2CE0BD4900507163 /* Repository */,
				C65049772CE0AFBC00507163 /* ViewModel */,
				C65049782CE0AFC400507163 /* Model */,
			);
			path = Domain;
			sourceTree = "<group>";
		};
		C65049772CE0AFBC00507163 /* ViewModel */ = {
			isa = PBXGroup;
			children = (
				C6835D2E2CE0660500CCF57C /* RepositoryListViewModel.swift */,
				C6835D302CE0662800CCF57C /* ImageLoader.swift */,
			);
			path = ViewModel;
			sourceTree = "<group>";
		};
		C65049782CE0AFC400507163 /* Model */ = {
			isa = PBXGroup;
			children = (
				C65049792CE0AFFC00507163 /* RepositoryError.swift */,
			);
			path = Model;
			sourceTree = "<group>";
		};
		C650497B2CE0B28E00507163 /* DependencyInjection */ = {
			isa = PBXGroup;
			children = (
				C650497C2CE0B29C00507163 /* DIContainer.swift */,
				C650497E2CE0B2AD00507163 /* ServiceLocator.swift */,
			);
			path = DependencyInjection;
			sourceTree = "<group>";
		};
		C65049802CE0B50F00507163 /* Error */ = {
			isa = PBXGroup;
			children = (
				C65049812CE0B51A00507163 /* AppError.swift */,
				C65049832CE0B52000507163 /* NetworkError.swift */,
			);
			path = Error;
			sourceTree = "<group>";
		};
		C65049852CE0B71B00507163 /* View */ = {
			isa = PBXGroup;
			children = (
				C650498C2CE0B85300507163 /* Screen */,
				C650498D2CE0B86900507163 /* Component */,
			);
			path = View;
			sourceTree = "<group>";
		};
		C65049882CE0B75000507163 /* Modifiers */ = {
			isa = PBXGroup;
			children = (
				C65049892CE0B75A00507163 /* KeyboardAvoider.swift */,
			);
			path = Modifiers;
			sourceTree = "<group>";
		};
		C650498B2CE0B84200507163 /* App */ = {
			isa = PBXGroup;
			children = (
				C6775E142CE1C6FB00252D97 /* AppDelegate.swift */,
				C6775E182CE1C78500252D97 /* SceneDelegate.swift */,
			);
			path = App;
			sourceTree = "<group>";
		};
		C650498C2CE0B85300507163 /* Screen */ = {
			isa = PBXGroup;
			children = (
				C6835D282CE0650400CCF57C /* ContentView.swift */,
				C6835D2C2CE065E200CCF57C /* DetailView.swift */,
			);
			path = Screen;
			sourceTree = "<group>";
		};
		C650498D2CE0B86900507163 /* Component */ = {
			isa = PBXGroup;
			children = (
				C6835D2A2CE0659E00CCF57C /* RepositoryRow.swift */,
				C65049862CE0B74200507163 /* SearchBar.swift */,
				C65049882CE0B75000507163 /* Modifiers */,
			);
			path = Component;
			sourceTree = "<group>";
		};
		C650498E2CE0BD3100507163 /* Service */ = {
			isa = PBXGroup;
			children = (
				C6835D202CE03FF200CCF57C /* ImageService.swift */,
			);
			path = Service;
			sourceTree = "<group>";
		};
		C650498F2CE0BD4900507163 /* Repository */ = {
			isa = PBXGroup;
			children = (
				C6835D362CE06A7900CCF57C /* RepositoryFetchable.swift */,
			);
			path = Repository;
			sourceTree = "<group>";
		};
		C65F476D2CE1F1E8007F8AD9 /* Stub */ = {
			isa = PBXGroup;
			children = (
				C68FDD082CE1F41A00168F8C /* Repository+Stub.swift */,
				C68FDD092CE1F41A00168F8C /* StubImageService.swift */,
				C68FDD0A2CE1F41A00168F8C /* StubRepositoryManager.swift */,
				C68FDD0B2CE1F41A00168F8C /* StubSearchService.swift */,
			);
			path = Stub;
			sourceTree = "<group>";
		};
/* End PBXGroup section */

/* Begin PBXNativeTarget section */
		BFD945DA244DC5E80012785A /* iOSEngineerCodeCheck */ = {
			isa = PBXNativeTarget;
			buildConfigurationList = BFD94605244DC5EC0012785A /* Build configuration list for PBXNativeTarget "iOSEngineerCodeCheck" */;
			buildPhases = (
				BFD945D7244DC5E80012785A /* Sources */,
				BFD945D8244DC5E80012785A /* Frameworks */,
				BFD945D9244DC5E80012785A /* Resources */,
			);
			buildRules = (
			);
			dependencies = (
			);
			name = iOSEngineerCodeCheck;
			productName = iOSEngineerCodeCheck;
			productReference = BFD945DB244DC5E80012785A /* iOSEngineerCodeCheck.app */;
			productType = "com.apple.product-type.application";
		};
		BFD945F0244DC5EB0012785A /* iOSEngineerCodeCheckTests */ = {
			isa = PBXNativeTarget;
			buildConfigurationList = BFD94608244DC5EC0012785A /* Build configuration list for PBXNativeTarget "iOSEngineerCodeCheckTests" */;
			buildPhases = (
				BFD945ED244DC5EB0012785A /* Sources */,
				BFD945EE244DC5EB0012785A /* Frameworks */,
				BFD945EF244DC5EB0012785A /* Resources */,
			);
			buildRules = (
			);
			dependencies = (
				BFD945F3244DC5EB0012785A /* PBXTargetDependency */,
			);
			name = iOSEngineerCodeCheckTests;
			productName = iOSEngineerCodeCheckTests;
			productReference = BFD945F1244DC5EB0012785A /* iOSEngineerCodeCheckTests.xctest */;
			productType = "com.apple.product-type.bundle.unit-test";
		};
		BFD945FB244DC5EB0012785A /* iOSEngineerCodeCheckUITests */ = {
			isa = PBXNativeTarget;
			buildConfigurationList = BFD9460B244DC5EC0012785A /* Build configuration list for PBXNativeTarget "iOSEngineerCodeCheckUITests" */;
			buildPhases = (
				BFD945F8244DC5EB0012785A /* Sources */,
				BFD945F9244DC5EB0012785A /* Frameworks */,
				BFD945FA244DC5EB0012785A /* Resources */,
			);
			buildRules = (
			);
			dependencies = (
				BFD945FE244DC5EB0012785A /* PBXTargetDependency */,
			);
			name = iOSEngineerCodeCheckUITests;
			productName = iOSEngineerCodeCheckUITests;
			productReference = BFD945FC244DC5EB0012785A /* iOSEngineerCodeCheckUITests.xctest */;
			productType = "com.apple.product-type.bundle.ui-testing";
		};
/* End PBXNativeTarget section */

/* Begin PBXProject section */
		BFD945D3244DC5E80012785A /* Project object */ = {
			isa = PBXProject;
			attributes = {
				BuildIndependentTargetsInParallel = YES;
				LastSwiftUpdateCheck = 1300;
				LastUpgradeCheck = 1520;
				ORGANIZATIONNAME = "taro-taryo";
				TargetAttributes = {
					BFD945DA244DC5E80012785A = {
						CreatedOnToolsVersion = 11.4.1;
					};
					BFD945F0244DC5EB0012785A = {
						CreatedOnToolsVersion = 11.4.1;
						TestTargetID = BFD945DA244DC5E80012785A;
					};
					BFD945FB244DC5EB0012785A = {
						CreatedOnToolsVersion = 11.4.1;
						TestTargetID = BFD945DA244DC5E80012785A;
					};
				};
			};
			buildConfigurationList = BFD945D6244DC5E80012785A /* Build configuration list for PBXProject "iOSEngineerCodeCheck" */;
			compatibilityVersion = "Xcode 15.0";
			developmentRegion = en;
			hasScannedForEncodings = 0;
			knownRegions = (
				en,
				Base,
			);
			mainGroup = BFD945D2244DC5E80012785A;
			productRefGroup = BFD945DC244DC5E80012785A /* Products */;
			projectDirPath = "";
			projectRoot = "";
			targets = (
				BFD945DA244DC5E80012785A /* iOSEngineerCodeCheck */,
				BFD945F0244DC5EB0012785A /* iOSEngineerCodeCheckTests */,
				BFD945FB244DC5EB0012785A /* iOSEngineerCodeCheckUITests */,
			);
		};
/* End PBXProject section */

/* Begin PBXResourcesBuildPhase section */
		BFD945D9244DC5E80012785A /* Resources */ = {
			isa = PBXResourcesBuildPhase;
			buildActionMask = 2147483647;
			files = (
				BFD945E8244DC5EB0012785A /* Assets.xcassets in Resources */,
			);
			runOnlyForDeploymentPostprocessing = 0;
		};
		BFD945EF244DC5EB0012785A /* Resources */ = {
			isa = PBXResourcesBuildPhase;
			buildActionMask = 2147483647;
			files = (
			);
			runOnlyForDeploymentPostprocessing = 0;
		};
		BFD945FA244DC5EB0012785A /* Resources */ = {
			isa = PBXResourcesBuildPhase;
			buildActionMask = 2147483647;
			files = (
			);
			runOnlyForDeploymentPostprocessing = 0;
		};
/* End PBXResourcesBuildPhase section */

/* Begin PBXSourcesBuildPhase section */
		BFD945D7244DC5E80012785A /* Sources */ = {
			isa = PBXSourcesBuildPhase;
			buildActionMask = 2147483647;
			files = (
				C6835D2F2CE0660500CCF57C /* RepositoryListViewModel.swift in Sources */,
				C6835D372CE06A7900CCF57C /* RepositoryFetchable.swift in Sources */,
				C6E53FC42CDF5E49001E078A /* Repository.swift in Sources */,
				C65049822CE0B51A00507163 /* AppError.swift in Sources */,
				C650497F2CE0B2AD00507163 /* ServiceLocator.swift in Sources */,
				C6835D1D2CE03EE000CCF57C /* SearchService.swift in Sources */,
				C6835D2D2CE065E200CCF57C /* DetailView.swift in Sources */,
				C6775E192CE1C78600252D97 /* SceneDelegate.swift in Sources */,
				C6775E152CE1C6FC00252D97 /* AppDelegate.swift in Sources */,
				C6835D292CE0650400CCF57C /* ContentView.swift in Sources */,
				C650497D2CE0B29C00507163 /* DIContainer.swift in Sources */,
				C6835D2B2CE0659E00CCF57C /* RepositoryRow.swift in Sources */,
				C6835D272CE0508900CCF57C /* RepositoryManager.swift in Sources */,
				C65049742CE0A6C700507163 /* RepositoriesResponse.swift in Sources */,
				C6835D212CE03FF200CCF57C /* ImageService.swift in Sources */,
				C650498A2CE0B76500507163 /* KeyboardAvoider.swift in Sources */,
				C65049872CE0B74400507163 /* SearchBar.swift in Sources */,
				C65049842CE0B52000507163 /* NetworkError.swift in Sources */,
				C650497A2CE0AFFC00507163 /* RepositoryError.swift in Sources */,
				C6835D312CE0662800CCF57C /* ImageLoader.swift in Sources */,
			);
			runOnlyForDeploymentPostprocessing = 0;
		};
		BFD945ED244DC5EB0012785A /* Sources */ = {
			isa = PBXSourcesBuildPhase;
			buildActionMask = 2147483647;
			files = (
				C64030B72CE0CFCE0026BE3D /* RepositoryFetchable.swift in Sources */,
				C61A4EF52CE0D4A4004F3E27 /* Repository+Stub.swift in Sources */,
				C64030B82CE0CFCE0026BE3D /* NetworkError.swift in Sources */,
				C61A4EF32CE0D490004F3E27 /* StubSearchService.swift in Sources */,
				C64030B92CE0CFCE0026BE3D /* Repository.swift in Sources */,
				C64030BA2CE0CFCE0026BE3D /* RepositoryError.swift in Sources */,
				C64030BB2CE0CFCE0026BE3D /* ImageLoader.swift in Sources */,
				C64030BC2CE0CFCE0026BE3D /* SearchBar.swift in Sources */,
				C64030E02CE0D1860026BE3D /* ImageLoaderTests.swift in Sources */,
				C64030E22CE0D19D0026BE3D /* RepositoryManagerTests.swift in Sources */,
				C64030BD2CE0CFCE0026BE3D /* ImageService.swift in Sources */,
				C64030DE2CE0D1670026BE3D /* RepositoryListViewModelTests.swift in Sources */,
				C64030BE2CE0CFCE0026BE3D /* (null) in Sources */,
				C61A4EF12CE0D481004F3E27 /* StubImageService.swift in Sources */,
				C61A4EF72CE1993B004F3E27 /* AppErrorTests.swift in Sources */,
				C64030BF2CE0CFCE0026BE3D /* DIContainer.swift in Sources */,
				C64030C02CE0CFCE0026BE3D /* DetailView.swift in Sources */,
				C64030C12CE0CFCE0026BE3D /* RepositoriesResponse.swift in Sources */,
				C61A4EEF2CE0D467004F3E27 /* StubRepositoryManager.swift in Sources */,
				C64030C22CE0CFCE0026BE3D /* RepositoryListViewModel.swift in Sources */,
				C64030C32CE0CFCE0026BE3D /* AppError.swift in Sources */,
				C64030C42CE0CFCE0026BE3D /* RepositoryRow.swift in Sources */,
				C64030C52CE0CFCE0026BE3D /* KeyboardAvoider.swift in Sources */,
				C61A4EF92CE19951004F3E27 /* NetworkErrorTests.swift in Sources */,
				C64030C62CE0CFCE0026BE3D /* ServiceLocator.swift in Sources */,
				C64030C72CE0CFCE0026BE3D /* RepositoryManager.swift in Sources */,
				C64030C82CE0CFCE0026BE3D /* SearchService.swift in Sources */,
				C64030E42CE0D1B20026BE3D /* SearchServiceTests.swift in Sources */,
				C64030C92CE0CFCE0026BE3D /* ContentView.swift in Sources */,
				BFD945F6244DC5EB0012785A /* iOSEngineerCodeCheckTests.swift in Sources */,
			);
			runOnlyForDeploymentPostprocessing = 0;
		};
		BFD945F8244DC5EB0012785A /* Sources */ = {
			isa = PBXSourcesBuildPhase;
			buildActionMask = 2147483647;
			files = (
				C64030CA2CE0CFCE0026BE3D /* AppError.swift in Sources */,
				C68FDD0C2CE1F41A00168F8C /* Repository+Stub.swift in Sources */,
				C68FDD0D2CE1F41A00168F8C /* StubImageService.swift in Sources */,
				C68FDD0E2CE1F41A00168F8C /* StubRepositoryManager.swift in Sources */,
				C68FDD0F2CE1F41A00168F8C /* StubSearchService.swift in Sources */,
				C64030CB2CE0CFCE0026BE3D /* DIContainer.swift in Sources */,
				C64030CC2CE0CFCE0026BE3D /* (null) in Sources */,
				C64030CD2CE0CFCE0026BE3D /* ImageLoader.swift in Sources */,
				C64030CE2CE0CFCE0026BE3D /* RepositoryManager.swift in Sources */,
				C64030CF2CE0CFCE0026BE3D /* RepositoryFetchable.swift in Sources */,
				C64030D02CE0CFCE0026BE3D /* ContentView.swift in Sources */,
				C64030D12CE0CFCE0026BE3D /* KeyboardAvoider.swift in Sources */,
				C64030D22CE0CFCE0026BE3D /* DetailView.swift in Sources */,
				C64030D32CE0CFCE0026BE3D /* RepositoryError.swift in Sources */,
				C64030D42CE0CFCE0026BE3D /* RepositoryRow.swift in Sources */,
				C64030D52CE0CFCE0026BE3D /* RepositoryListViewModel.swift in Sources */,
				C64030D62CE0CFCE0026BE3D /* SearchService.swift in Sources */,
				C64030D72CE0CFCE0026BE3D /* RepositoriesResponse.swift in Sources */,
				C64030D82CE0CFCE0026BE3D /* ImageService.swift in Sources */,
				C64030D92CE0CFCE0026BE3D /* ServiceLocator.swift in Sources */,
				C64030DA2CE0CFCE0026BE3D /* Repository.swift in Sources */,
				C64030DB2CE0CFCE0026BE3D /* SearchBar.swift in Sources */,
				C64030DC2CE0CFCE0026BE3D /* NetworkError.swift in Sources */,
				BFD94601244DC5EC0012785A /* iOSEngineerCodeCheckUITests.swift in Sources */,
			);
			runOnlyForDeploymentPostprocessing = 0;
		};
/* End PBXSourcesBuildPhase section */

/* Begin PBXTargetDependency section */
		BFD945F3244DC5EB0012785A /* PBXTargetDependency */ = {
			isa = PBXTargetDependency;
			target = BFD945DA244DC5E80012785A /* iOSEngineerCodeCheck */;
			targetProxy = BFD945F2244DC5EB0012785A /* PBXContainerItemProxy */;
		};
		BFD945FE244DC5EB0012785A /* PBXTargetDependency */ = {
			isa = PBXTargetDependency;
			target = BFD945DA244DC5E80012785A /* iOSEngineerCodeCheck */;
			targetProxy = BFD945FD244DC5EB0012785A /* PBXContainerItemProxy */;
		};
/* End PBXTargetDependency section */

/* Begin XCBuildConfiguration section */
		BFD94603244DC5EC0012785A /* Debug */ = {
			isa = XCBuildConfiguration;
			buildSettings = {
				ALWAYS_SEARCH_USER_PATHS = NO;
				CLANG_ANALYZER_NONNULL = YES;
				CLANG_ANALYZER_NUMBER_OBJECT_CONVERSION = YES_AGGRESSIVE;
				CLANG_CXX_LANGUAGE_STANDARD = "gnu++14";
				CLANG_CXX_LIBRARY = "libc++";
				CLANG_ENABLE_MODULES = YES;
				CLANG_ENABLE_OBJC_ARC = YES;
				CLANG_ENABLE_OBJC_WEAK = YES;
				CLANG_WARN_BLOCK_CAPTURE_AUTORELEASING = YES;
				CLANG_WARN_BOOL_CONVERSION = YES;
				CLANG_WARN_COMMA = YES;
				CLANG_WARN_CONSTANT_CONVERSION = YES;
				CLANG_WARN_DEPRECATED_OBJC_IMPLEMENTATIONS = YES;
				CLANG_WARN_DIRECT_OBJC_ISA_USAGE = YES_ERROR;
				CLANG_WARN_DOCUMENTATION_COMMENTS = YES;
				CLANG_WARN_EMPTY_BODY = YES;
				CLANG_WARN_ENUM_CONVERSION = YES;
				CLANG_WARN_INFINITE_RECURSION = YES;
				CLANG_WARN_INT_CONVERSION = YES;
				CLANG_WARN_NON_LITERAL_NULL_CONVERSION = YES;
				CLANG_WARN_OBJC_IMPLICIT_RETAIN_SELF = YES;
				CLANG_WARN_OBJC_LITERAL_CONVERSION = YES;
				CLANG_WARN_OBJC_ROOT_CLASS = YES_ERROR;
				CLANG_WARN_QUOTED_INCLUDE_IN_FRAMEWORK_HEADER = YES;
				CLANG_WARN_RANGE_LOOP_ANALYSIS = YES;
				CLANG_WARN_STRICT_PROTOTYPES = YES;
				CLANG_WARN_SUSPICIOUS_MOVE = YES;
				CLANG_WARN_UNGUARDED_AVAILABILITY = YES_AGGRESSIVE;
				CLANG_WARN_UNREACHABLE_CODE = YES;
				CLANG_WARN__DUPLICATE_METHOD_MATCH = YES;
				COPY_PHASE_STRIP = NO;
				DEBUG_INFORMATION_FORMAT = dwarf;
				ENABLE_STRICT_OBJC_MSGSEND = YES;
				ENABLE_TESTABILITY = YES;
				ENABLE_USER_SCRIPT_SANDBOXING = YES;
				GCC_C_LANGUAGE_STANDARD = gnu11;
				GCC_DYNAMIC_NO_PIC = NO;
				GCC_NO_COMMON_BLOCKS = YES;
				GCC_OPTIMIZATION_LEVEL = 0;
				GCC_PREPROCESSOR_DEFINITIONS = (
					"DEBUG=1",
					"$(inherited)",
				);
				GCC_WARN_64_TO_32_BIT_CONVERSION = YES;
				GCC_WARN_ABOUT_RETURN_TYPE = YES_ERROR;
				GCC_WARN_UNDECLARED_SELECTOR = YES;
				GCC_WARN_UNINITIALIZED_AUTOS = YES_AGGRESSIVE;
				GCC_WARN_UNUSED_FUNCTION = YES;
				GCC_WARN_UNUSED_VARIABLE = YES;
				IPHONEOS_DEPLOYMENT_TARGET = 17.2;
				MTL_ENABLE_DEBUG_INFO = INCLUDE_SOURCE;
				MTL_FAST_MATH = YES;
				ONLY_ACTIVE_ARCH = YES;
				SDKROOT = iphoneos;
				SWIFT_ACTIVE_COMPILATION_CONDITIONS = DEBUG;
				SWIFT_OPTIMIZATION_LEVEL = "-Onone";
			};
			name = Debug;
		};
		BFD94604244DC5EC0012785A /* Release */ = {
			isa = XCBuildConfiguration;
			buildSettings = {
				ALWAYS_SEARCH_USER_PATHS = NO;
				CLANG_ANALYZER_NONNULL = YES;
				CLANG_ANALYZER_NUMBER_OBJECT_CONVERSION = YES_AGGRESSIVE;
				CLANG_CXX_LANGUAGE_STANDARD = "gnu++14";
				CLANG_CXX_LIBRARY = "libc++";
				CLANG_ENABLE_MODULES = YES;
				CLANG_ENABLE_OBJC_ARC = YES;
				CLANG_ENABLE_OBJC_WEAK = YES;
				CLANG_WARN_BLOCK_CAPTURE_AUTORELEASING = YES;
				CLANG_WARN_BOOL_CONVERSION = YES;
				CLANG_WARN_COMMA = YES;
				CLANG_WARN_CONSTANT_CONVERSION = YES;
				CLANG_WARN_DEPRECATED_OBJC_IMPLEMENTATIONS = YES;
				CLANG_WARN_DIRECT_OBJC_ISA_USAGE = YES_ERROR;
				CLANG_WARN_DOCUMENTATION_COMMENTS = YES;
				CLANG_WARN_EMPTY_BODY = YES;
				CLANG_WARN_ENUM_CONVERSION = YES;
				CLANG_WARN_INFINITE_RECURSION = YES;
				CLANG_WARN_INT_CONVERSION = YES;
				CLANG_WARN_NON_LITERAL_NULL_CONVERSION = YES;
				CLANG_WARN_OBJC_IMPLICIT_RETAIN_SELF = YES;
				CLANG_WARN_OBJC_LITERAL_CONVERSION = YES;
				CLANG_WARN_OBJC_ROOT_CLASS = YES_ERROR;
				CLANG_WARN_QUOTED_INCLUDE_IN_FRAMEWORK_HEADER = YES;
				CLANG_WARN_RANGE_LOOP_ANALYSIS = YES;
				CLANG_WARN_STRICT_PROTOTYPES = YES;
				CLANG_WARN_SUSPICIOUS_MOVE = YES;
				CLANG_WARN_UNGUARDED_AVAILABILITY = YES_AGGRESSIVE;
				CLANG_WARN_UNREACHABLE_CODE = YES;
				CLANG_WARN__DUPLICATE_METHOD_MATCH = YES;
				COPY_PHASE_STRIP = NO;
				DEBUG_INFORMATION_FORMAT = "dwarf-with-dsym";
				ENABLE_NS_ASSERTIONS = NO;
				ENABLE_STRICT_OBJC_MSGSEND = YES;
				ENABLE_USER_SCRIPT_SANDBOXING = YES;
				GCC_C_LANGUAGE_STANDARD = gnu11;
				GCC_NO_COMMON_BLOCKS = YES;
				GCC_WARN_64_TO_32_BIT_CONVERSION = YES;
				GCC_WARN_ABOUT_RETURN_TYPE = YES_ERROR;
				GCC_WARN_UNDECLARED_SELECTOR = YES;
				GCC_WARN_UNINITIALIZED_AUTOS = YES_AGGRESSIVE;
				GCC_WARN_UNUSED_FUNCTION = YES;
				GCC_WARN_UNUSED_VARIABLE = YES;
				IPHONEOS_DEPLOYMENT_TARGET = 17.2;
				MTL_ENABLE_DEBUG_INFO = NO;
				MTL_FAST_MATH = YES;
				SDKROOT = iphoneos;
				SWIFT_COMPILATION_MODE = wholemodule;
				SWIFT_OPTIMIZATION_LEVEL = "-O";
				VALIDATE_PRODUCT = YES;
			};
			name = Release;
		};
		BFD94606244DC5EC0012785A /* Debug */ = {
			isa = XCBuildConfiguration;
			buildSettings = {
				ASSETCATALOG_COMPILER_APPICON_NAME = AppIcon;
				CODE_SIGN_STYLE = Automatic;
				DEVELOPMENT_TEAM = 4Z82PG9Q7U;
				INFOPLIST_FILE = iOSEngineerCodeCheck/Info.plist;
				LD_RUNPATH_SEARCH_PATHS = (
					"$(inherited)",
					"@executable_path/Frameworks",
				);
				PRODUCT_BUNDLE_IDENTIFIER = "jp.taro-taryo.iOSEngineerCodeCheck";
				PRODUCT_NAME = "$(TARGET_NAME)";
				SWIFT_VERSION = 5.0;
				TARGETED_DEVICE_FAMILY = "1,2";
			};
			name = Debug;
		};
		BFD94607244DC5EC0012785A /* Release */ = {
			isa = XCBuildConfiguration;
			buildSettings = {
				ASSETCATALOG_COMPILER_APPICON_NAME = AppIcon;
				CODE_SIGN_STYLE = Automatic;
				DEVELOPMENT_TEAM = 4Z82PG9Q7U;
				INFOPLIST_FILE = iOSEngineerCodeCheck/Info.plist;
				LD_RUNPATH_SEARCH_PATHS = (
					"$(inherited)",
					"@executable_path/Frameworks",
				);
				PRODUCT_BUNDLE_IDENTIFIER = "jp.taro-taryo.iOSEngineerCodeCheck";
				PRODUCT_NAME = "$(TARGET_NAME)";
				SWIFT_VERSION = 5.0;
				TARGETED_DEVICE_FAMILY = "1,2";
			};
			name = Release;
		};
		BFD94609244DC5EC0012785A /* Debug */ = {
			isa = XCBuildConfiguration;
			buildSettings = {
				ALWAYS_EMBED_SWIFT_STANDARD_LIBRARIES = YES;
				BUNDLE_LOADER = "$(TEST_HOST)";
				CODE_SIGN_STYLE = Automatic;
				DEVELOPMENT_TEAM = 4Z82PG9Q7U;
				INFOPLIST_FILE = iOSEngineerCodeCheckTests/Info.plist;
				LD_RUNPATH_SEARCH_PATHS = (
					"$(inherited)",
					"@executable_path/Frameworks",
					"@loader_path/Frameworks",
				);
				PRODUCT_BUNDLE_IDENTIFIER = "jp.taro-taryo.iOSEngineerCodeCheckTests";
				PRODUCT_NAME = "$(TARGET_NAME)";
				SWIFT_VERSION = 5.0;
				TARGETED_DEVICE_FAMILY = "1,2";
				TEST_HOST = "$(BUILT_PRODUCTS_DIR)/iOSEngineerCodeCheck.app/iOSEngineerCodeCheck";
			};
			name = Debug;
		};
		BFD9460A244DC5EC0012785A /* Release */ = {
			isa = XCBuildConfiguration;
			buildSettings = {
				ALWAYS_EMBED_SWIFT_STANDARD_LIBRARIES = YES;
				BUNDLE_LOADER = "$(TEST_HOST)";
				CODE_SIGN_STYLE = Automatic;
				DEVELOPMENT_TEAM = 4Z82PG9Q7U;
				INFOPLIST_FILE = iOSEngineerCodeCheckTests/Info.plist;
				LD_RUNPATH_SEARCH_PATHS = (
					"$(inherited)",
					"@executable_path/Frameworks",
					"@loader_path/Frameworks",
				);
				PRODUCT_BUNDLE_IDENTIFIER = "jp.taro-taryo.iOSEngineerCodeCheckTests";
				PRODUCT_NAME = "$(TARGET_NAME)";
				SWIFT_VERSION = 5.0;
				TARGETED_DEVICE_FAMILY = "1,2";
				TEST_HOST = "$(BUILT_PRODUCTS_DIR)/iOSEngineerCodeCheck.app/iOSEngineerCodeCheck";
			};
			name = Release;
		};
		BFD9460C244DC5EC0012785A /* Debug */ = {
			isa = XCBuildConfiguration;
			buildSettings = {
				ALWAYS_EMBED_SWIFT_STANDARD_LIBRARIES = YES;
				CODE_SIGN_STYLE = Automatic;
				DEVELOPMENT_TEAM = 4Z82PG9Q7U;
				INFOPLIST_FILE = iOSEngineerCodeCheckUITests/Info.plist;
				LD_RUNPATH_SEARCH_PATHS = (
					"$(inherited)",
					"@executable_path/Frameworks",
					"@loader_path/Frameworks",
				);
				PRODUCT_BUNDLE_IDENTIFIER = "jp.taro-taryo.iOSEngineerCodeCheckUITests";
				PRODUCT_NAME = "$(TARGET_NAME)";
				SWIFT_VERSION = 5.0;
				TARGETED_DEVICE_FAMILY = "1,2";
				TEST_TARGET_NAME = iOSEngineerCodeCheck;
			};
			name = Debug;
		};
		BFD9460D244DC5EC0012785A /* Release */ = {
			isa = XCBuildConfiguration;
			buildSettings = {
				ALWAYS_EMBED_SWIFT_STANDARD_LIBRARIES = YES;
				CODE_SIGN_STYLE = Automatic;
				DEVELOPMENT_TEAM = 4Z82PG9Q7U;
				INFOPLIST_FILE = iOSEngineerCodeCheckUITests/Info.plist;
				LD_RUNPATH_SEARCH_PATHS = (
					"$(inherited)",
					"@executable_path/Frameworks",
					"@loader_path/Frameworks",
				);
				PRODUCT_BUNDLE_IDENTIFIER = "jp.taro-taryo.iOSEngineerCodeCheckUITests";
				PRODUCT_NAME = "$(TARGET_NAME)";
				SWIFT_VERSION = 5.0;
				TARGETED_DEVICE_FAMILY = "1,2";
				TEST_TARGET_NAME = iOSEngineerCodeCheck;
			};
			name = Release;
		};
/* End XCBuildConfiguration section */

/* Begin XCConfigurationList section */
		BFD945D6244DC5E80012785A /* Build configuration list for PBXProject "iOSEngineerCodeCheck" */ = {
			isa = XCConfigurationList;
			buildConfigurations = (
				BFD94603244DC5EC0012785A /* Debug */,
				BFD94604244DC5EC0012785A /* Release */,
			);
			defaultConfigurationIsVisible = 0;
			defaultConfigurationName = Release;
		};
		BFD94605244DC5EC0012785A /* Build configuration list for PBXNativeTarget "iOSEngineerCodeCheck" */ = {
			isa = XCConfigurationList;
			buildConfigurations = (
				BFD94606244DC5EC0012785A /* Debug */,
				BFD94607244DC5EC0012785A /* Release */,
			);
			defaultConfigurationIsVisible = 0;
			defaultConfigurationName = Release;
		};
		BFD94608244DC5EC0012785A /* Build configuration list for PBXNativeTarget "iOSEngineerCodeCheckTests" */ = {
			isa = XCConfigurationList;
			buildConfigurations = (
				BFD94609244DC5EC0012785A /* Debug */,
				BFD9460A244DC5EC0012785A /* Release */,
			);
			defaultConfigurationIsVisible = 0;
			defaultConfigurationName = Release;
		};
		BFD9460B244DC5EC0012785A /* Build configuration list for PBXNativeTarget "iOSEngineerCodeCheckUITests" */ = {
			isa = XCConfigurationList;
			buildConfigurations = (
				BFD9460C244DC5EC0012785A /* Debug */,
				BFD9460D244DC5EC0012785A /* Release */,
			);
			defaultConfigurationIsVisible = 0;
			defaultConfigurationName = Release;
		};
/* End XCConfigurationList section */
	};
	rootObject = BFD945D3244DC5E80012785A /* Project object */;
}
